
Microsoft Visual Studio Solution File, Format Version 12.00
# Visual Studio 15
VisualStudioVersion = 15.0.27004.2006
MinimumVisualStudioVersion = 10.0.40219.1
Project("{9A19103F-16F7-4668-BE54-9A1E7A4F7556}") = "GraphQLSpike", "GraphQLSpike\GraphQLSpike.csproj", "{E556E058-25F3-41CB-B4E6-B0E3F1F46CA2}"
EndProject
Project("{9A19103F-16F7-4668-BE54-9A1E7A4F7556}") = "GraphQLSpike.Films", "GraphQLSpike.Film\GraphQLSpike.Films.csproj", "{5FE7CB3F-4CBF-47EA-B4B2-1E2A90F373AF}"
EndProject
Project("{9A19103F-16F7-4668-BE54-9A1E7A4F7556}") = "GraphQLSpike.Tests", "GraphQLSpike.Tests\GraphQLSpike.Tests.csproj", "{3ACCF307-2DF6-4FA6-8F7C-D09284DA1E75}"
EndProject
Global
	GlobalSection(SolutionConfigurationPlatforms) = preSolution
		Debug|Any CPU = Debug|Any CPU
		Release|Any CPU = Release|Any CPU
	EndGlobalSection
	GlobalSection(ProjectConfigurationPlatforms) = postSolution
		{E556E058-25F3-41CB-B4E6-B0E3F1F46CA2}.Debug|Any CPU.ActiveCfg = Debug|Any CPU
		{E556E058-25F3-41CB-B4E6-B0E3F1F46CA2}.Debug|Any CPU.Build.0 = Debug|Any CPU
		{E556E058-25F3-41CB-B4E6-B0E3F1F46CA2}.Release|Any CPU.ActiveCfg = Release|Any CPU
		{E556E058-25F3-41CB-B4E6-B0E3F1F46CA2}.Release|Any CPU.Build.0 = Release|Any CPU
		{5FE7CB3F-4CBF-47EA-B4B2-1E2A90F373AF}.Debug|Any CPU.ActiveCfg = Debug|Any CPU
		{5FE7CB3F-4CBF-47EA-B4B2-1E2A90F373AF}.Debug|Any CPU.Build.0 = Debug|Any CPU
		{5FE7CB3F-4CBF-47EA-B4B2-1E2A90F373AF}.Release|Any CPU.ActiveCfg = Release|Any CPU
		{5FE7CB3F-4CBF-47EA-B4B2-1E2A90F373AF}.Release|Any CPU.Build.0 = Release|Any CPU
		{3ACCF307-2DF6-4FA6-8F7C-D09284DA1E75}.Debug|Any CPU.ActiveCfg = Debug|Any CPU
		{3ACCF307-2DF6-4FA6-8F7C-D09284DA1E75}.Debug|Any CPU.Build.0 = Debug|Any CPU
		{3ACCF307-2DF6-4FA6-8F7C-D09284DA1E75}.Release|Any CPU.ActiveCfg = Release|Any CPU
		{3ACCF307-2DF6-4FA6-8F7C-D09284DA1E75}.Release|Any CPU.Build.0 = Release|Any CPU
	EndGlobalSection
	GlobalSection(SolutionProperties) = preSolution
		HideSolutionNode = FALSE
	EndGlobalSection
	GlobalSection(ExtensibilityGlobals) = postSolution
		SolutionGuid = {3655A226-81B5-4E3C-BABE-990CCFFD033C}
	EndGlobalSection
EndGlobal
